
Microsoft Visual Studio Solution File, Format Version 12.00
# Visual Studio Version 17
VisualStudioVersion = 17.8.34408.163
MinimumVisualStudioVersion = 10.0.40219.1
Project("{9A19103F-16F7-4668-BE54-9A1E7A4F7556}") = "BlazorHtmx", "BlazorHtmx\BlazorHtmx.csproj", "{9DC28A68-E582-4B28-8197-CDB9E824F67B}"
EndProject
Global
	GlobalSection(SolutionConfigurationPlatforms) = preSolution
		Debug|Any CPU = Debug|Any CPU
		Release|Any CPU = Release|Any CPU
	EndGlobalSection
	GlobalSection(ProjectConfigurationPlatforms) = postSolution
		{9DC28A68-E582-4B28-8197-CDB9E824F67B}.Debug|Any CPU.ActiveCfg = Debug|Any CPU
		{9DC28A68-E582-4B28-8197-CDB9E824F67B}.Debug|Any CPU.Build.0 = Debug|Any CPU
		{9DC28A68-E582-4B28-8197-CDB9E824F67B}.Release|Any CPU.ActiveCfg = Release|Any CPU
		{9DC28A68-E582-4B28-8197-CDB9E824F67B}.Release|Any CPU.Build.0 = Release|Any CPU
	EndGlobalSection
	GlobalSection(SolutionProperties) = preSolution
		HideSolutionNode = FALSE
	EndGlobalSection
EndGlobal
